
Microsoft Visual Studio Solution File, Format Version 12.00
# Visual Studio 2013
VisualStudioVersion = 12.0.30110.0
MinimumVisualStudioVersion = 10.0.40219.1
Project("{FAE04EC0-301F-11D3-BF4B-00C04F79EFBC}") = "API", "API\API.csproj", "{B8EBB303-A654-46B1-8C58-ED47BAB0B505}"
EndProject
Project("{FAE04EC0-301F-11D3-BF4B-00C04F79EFBC}") = "API.Tests", "API.Tests\API.Tests.csproj", "{B1F533A5-4191-42AE-8A5E-3D1A0C3D864D}"
EndProject
Global
	GlobalSection(SolutionConfigurationPlatforms) = preSolution
		Debug|Any CPU = Debug|Any CPU
		Release|Any CPU = Release|Any CPU
	EndGlobalSection
	GlobalSection(ProjectConfigurationPlatforms) = postSolution
		{B8EBB303-A654-46B1-8C58-ED47BAB0B505}.Debug|Any CPU.ActiveCfg = Debug|Any CPU
		{B8EBB303-A654-46B1-8C58-ED47BAB0B505}.Debug|Any CPU.Build.0 = Debug|Any CPU
		{B8EBB303-A654-46B1-8C58-ED47BAB0B505}.Release|Any CPU.ActiveCfg = Release|Any CPU
		{B8EBB303-A654-46B1-8C58-ED47BAB0B505}.Release|Any CPU.Build.0 = Release|Any CPU
		{B1F533A5-4191-42AE-8A5E-3D1A0C3D864D}.Debug|Any CPU.ActiveCfg = Debug|Any CPU
		{B1F533A5-4191-42AE-8A5E-3D1A0C3D864D}.Debug|Any CPU.Build.0 = Debug|Any CPU
		{B1F533A5-4191-42AE-8A5E-3D1A0C3D864D}.Release|Any CPU.ActiveCfg = Release|Any CPU
		{B1F533A5-4191-42AE-8A5E-3D1A0C3D864D}.Release|Any CPU.Build.0 = Release|Any CPU
	EndGlobalSection
	GlobalSection(SolutionProperties) = preSolution
		HideSolutionNode = FALSE
	EndGlobalSection
EndGlobal
